
Microsoft Visual Studio Solution File, Format Version 12.00
# Visual Studio Version 16
VisualStudioVersion = 16.0.31624.102
MinimumVisualStudioVersion = 10.0.40219.1
Project("{FAE04EC0-301F-11D3-BF4B-00C04F79EFBC}") = "TechTest.Shop", "TechTest.Shop\TechTest.Shop.csproj", "{544DA537-81A4-4EB8-A850-D871596A0EE7}"
EndProject
Project("{FAE04EC0-301F-11D3-BF4B-00C04F79EFBC}") = "TechTest.Demo", "TechTest.Demo\TechTest.Demo.csproj", "{924B15DF-0C24-42B4-825B-BEF5CB6AB26E}"
EndProject
Global
	GlobalSection(SolutionConfigurationPlatforms) = preSolution
		Debug|Any CPU = Debug|Any CPU
		Release|Any CPU = Release|Any CPU
	EndGlobalSection
	GlobalSection(ProjectConfigurationPlatforms) = postSolution
		{544DA537-81A4-4EB8-A850-D871596A0EE7}.Debug|Any CPU.ActiveCfg = Debug|Any CPU
		{544DA537-81A4-4EB8-A850-D871596A0EE7}.Debug|Any CPU.Build.0 = Debug|Any CPU
		{544DA537-81A4-4EB8-A850-D871596A0EE7}.Release|Any CPU.ActiveCfg = Release|Any CPU
		{544DA537-81A4-4EB8-A850-D871596A0EE7}.Release|Any CPU.Build.0 = Release|Any CPU
		{924B15DF-0C24-42B4-825B-BEF5CB6AB26E}.Debug|Any CPU.ActiveCfg = Debug|Any CPU
		{924B15DF-0C24-42B4-825B-BEF5CB6AB26E}.Debug|Any CPU.Build.0 = Debug|Any CPU
		{924B15DF-0C24-42B4-825B-BEF5CB6AB26E}.Release|Any CPU.ActiveCfg = Release|Any CPU
		{924B15DF-0C24-42B4-825B-BEF5CB6AB26E}.Release|Any CPU.Build.0 = Release|Any CPU
	EndGlobalSection
	GlobalSection(SolutionProperties) = preSolution
		HideSolutionNode = FALSE
	EndGlobalSection
	GlobalSection(ExtensibilityGlobals) = postSolution
		SolutionGuid = {6B8BDD8C-C2D1-41CE-89D7-0E902F6F85A1}
	EndGlobalSection
EndGlobal
